// !$*UTF8*$!
{
	archiveVersion = 1;
	classes = {
	};
	objectVersion = 50;
	objects = {

/* Begin PBXBuildFile section */
		1836876722B80C5C0041BF2F /* AppDelegate.swift in Sources */ = {isa = PBXBuildFile; fileRef = 1836876622B80C5C0041BF2F /* AppDelegate.swift */; };
		1836876922B80C5C0041BF2F /* ViewController.swift in Sources */ = {isa = PBXBuildFile; fileRef = 1836876822B80C5C0041BF2F /* ViewController.swift */; };
		1836876C22B80C5C0041BF2F /* Main.storyboard in Resources */ = {isa = PBXBuildFile; fileRef = 1836876A22B80C5C0041BF2F /* Main.storyboard */; };
		1836876E22B80C5F0041BF2F /* Assets.xcassets in Resources */ = {isa = PBXBuildFile; fileRef = 1836876D22B80C5F0041BF2F /* Assets.xcassets */; };
		1836877122B80C5F0041BF2F /* LaunchScreen.storyboard in Resources */ = {isa = PBXBuildFile; fileRef = 1836876F22B80C5F0041BF2F /* LaunchScreen.storyboard */; };
		1836877C22B80C5F0041BF2F /* PracticeTests.swift in Sources */ = {isa = PBXBuildFile; fileRef = 1836877B22B80C5F0041BF2F /* PracticeTests.swift */; };
		1836878722B80C600041BF2F /* PracticeUITests.swift in Sources */ = {isa = PBXBuildFile; fileRef = 1836878622B80C600041BF2F /* PracticeUITests.swift */; };
/* End PBXBuildFile section */

/* Begin PBXContainerItemProxy section */
		1836877822B80C5F0041BF2F /* PBXContainerItemProxy */ = {
			isa = PBXContainerItemProxy;
			containerPortal = 1836875B22B80C5C0041BF2F /* Project object */;
			proxyType = 1;
			remoteGlobalIDString = 1836876222B80C5C0041BF2F;
			remoteInfo = Practice;
		};
		1836878322B80C5F0041BF2F /* PBXContainerItemProxy */ = {
			isa = PBXContainerItemProxy;
			containerPortal = 1836875B22B80C5C0041BF2F /* Project object */;
			proxyType = 1;
			remoteGlobalIDString = 1836876222B80C5C0041BF2F;
			remoteInfo = Practice;
		};
/* End PBXContainerItemProxy section */

/* Begin PBXFileReference section */
		1836876322B80C5C0041BF2F /* Practice.app */ = {isa = PBXFileReference; explicitFileType = wrapper.application; includeInIndex = 0; path = Practice.app; sourceTree = BUILT_PRODUCTS_DIR; };
		1836876622B80C5C0041BF2F /* AppDelegate.swift */ = {isa = PBXFileReference; lastKnownFileType = sourcecode.swift; path = AppDelegate.swift; sourceTree = "<group>"; };
		1836876822B80C5C0041BF2F /* ViewController.swift */ = {isa = PBXFileReference; lastKnownFileType = sourcecode.swift; path = ViewController.swift; sourceTree = "<group>"; };
		1836876B22B80C5C0041BF2F /* Base */ = {isa = PBXFileReference; lastKnownFileType = file.storyboard; name = Base; path = Base.lproj/Main.storyboard; sourceTree = "<group>"; };
		1836876D22B80C5F0041BF2F /* Assets.xcassets */ = {isa = PBXFileReference; lastKnownFileType = folder.assetcatalog; path = Assets.xcassets; sourceTree = "<group>"; };
		1836877022B80C5F0041BF2F /* Base */ = {isa = PBXFileReference; lastKnownFileType = file.storyboard; name = Base; path = Base.lproj/LaunchScreen.storyboard; sourceTree = "<group>"; };
		1836877222B80C5F0041BF2F /* Info.plist */ = {isa = PBXFileReference; lastKnownFileType = text.plist.xml; path = Info.plist; sourceTree = "<group>"; };
		1836877722B80C5F0041BF2F /* PracticeTests.xctest */ = {isa = PBXFileReference; explicitFileType = wrapper.cfbundle; includeInIndex = 0; path = PracticeTests.xctest; sourceTree = BUILT_PRODUCTS_DIR; };
		1836877B22B80C5F0041BF2F /* PracticeTests.swift */ = {isa = PBXFileReference; lastKnownFileType = sourcecode.swift; path = PracticeTests.swift; sourceTree = "<group>"; };
		1836877D22B80C5F0041BF2F /* Info.plist */ = {isa = PBXFileReference; lastKnownFileType = text.plist.xml; path = Info.plist; sourceTree = "<group>"; };
		1836878222B80C5F0041BF2F /* PracticeUITests.xctest */ = {isa = PBXFileReference; explicitFileType = wrapper.cfbundle; includeInIndex = 0; path = PracticeUITests.xctest; sourceTree = BUILT_PRODUCTS_DIR; };
		1836878622B80C600041BF2F /* PracticeUITests.swift */ = {isa = PBXFileReference; lastKnownFileType = sourcecode.swift; path = PracticeUITests.swift; sourceTree = "<group>"; };
		1836878822B80C600041BF2F /* Info.plist */ = {isa = PBXFileReference; lastKnownFileType = text.plist.xml; path = Info.plist; sourceTree = "<group>"; };
/* End PBXFileReference section */

/* Begin PBXFrameworksBuildPhase section */
		1836876022B80C5C0041BF2F /* Frameworks */ = {
			isa = PBXFrameworksBuildPhase;
			buildActionMask = 2147483647;
			files = (
			);
			runOnlyForDeploymentPostprocessing = 0;
		};
		1836877422B80C5F0041BF2F /* Frameworks */ = {
			isa = PBXFrameworksBuildPhase;
			buildActionMask = 2147483647;
			files = (
			);
			runOnlyForDeploymentPostprocessing = 0;
		};
		1836877F22B80C5F0041BF2F /* Frameworks */ = {
			isa = PBXFrameworksBuildPhase;
			buildActionMask = 2147483647;
			files = (
			);
			runOnlyForDeploymentPostprocessing = 0;
		};
/* End PBXFrameworksBuildPhase section */

/* Begin PBXGroup section */
		1836875A22B80C5C0041BF2F = {
			isa = PBXGroup;
			children = (
				1836876522B80C5C0041BF2F /* Practice */,
				1836877A22B80C5F0041BF2F /* PracticeTests */,
				1836878522B80C5F0041BF2F /* PracticeUITests */,
				1836876422B80C5C0041BF2F /* Products */,
			);
			sourceTree = "<group>";
		};
		1836876422B80C5C0041BF2F /* Products */ = {
			isa = PBXGroup;
			children = (
				1836876322B80C5C0041BF2F /* Practice.app */,
				1836877722B80C5F0041BF2F /* PracticeTests.xctest */,
				1836878222B80C5F0041BF2F /* PracticeUITests.xctest */,
			);
			name = Products;
			sourceTree = "<group>";
		};
		1836876522B80C5C0041BF2F /* Practice */ = {
			isa = PBXGroup;
			children = (
				1836876622B80C5C0041BF2F /* AppDelegate.swift */,
				1836876822B80C5C0041BF2F /* ViewController.swift */,
				1836876A22B80C5C0041BF2F /* Main.storyboard */,
				1836876D22B80C5F0041BF2F /* Assets.xcassets */,
				1836876F22B80C5F0041BF2F /* LaunchScreen.storyboard */,
				1836877222B80C5F0041BF2F /* Info.plist */,
			);
			path = Practice;
			sourceTree = "<group>";
		};
		1836877A22B80C5F0041BF2F /* PracticeTests */ = {
			isa = PBXGroup;
			children = (
				1836877B22B80C5F0041BF2F /* PracticeTests.swift */,
				1836877D22B80C5F0041BF2F /* Info.plist */,
			);
			path = PracticeTests;
			sourceTree = "<group>";
		};
		1836878522B80C5F0041BF2F /* PracticeUITests */ = {
			isa = PBXGroup;
			children = (
				1836878622B80C600041BF2F /* PracticeUITests.swift */,
				1836878822B80C600041BF2F /* Info.plist */,
			);
			path = PracticeUITests;
			sourceTree = "<group>";
		};
/* End PBXGroup section */

/* Begin PBXNativeTarget section */
		1836876222B80C5C0041BF2F /* Practice */ = {
			isa = PBXNativeTarget;
			buildConfigurationList = 1836878B22B80C600041BF2F /* Build configuration list for PBXNativeTarget "Practice" */;
			buildPhases = (
				1836875F22B80C5C0041BF2F /* Sources */,
				1836876022B80C5C0041BF2F /* Frameworks */,
				1836876122B80C5C0041BF2F /* Resources */,
			);
			buildRules = (
			);
			dependencies = (
			);
			name = Practice;
			productName = Practice;
			productReference = 1836876322B80C5C0041BF2F /* Practice.app */;
			productType = "com.apple.product-type.application";
		};
		1836877622B80C5F0041BF2F /* PracticeTests */ = {
			isa = PBXNativeTarget;
			buildConfigurationList = 1836878E22B80C600041BF2F /* Build configuration list for PBXNativeTarget "PracticeTests" */;
			buildPhases = (
				1836877322B80C5F0041BF2F /* Sources */,
				1836877422B80C5F0041BF2F /* Frameworks */,
				1836877522B80C5F0041BF2F /* Resources */,
			);
			buildRules = (
			);
			dependencies = (
				1836877922B80C5F0041BF2F /* PBXTargetDependency */,
			);
			name = PracticeTests;
			productName = PracticeTests;
			productReference = 1836877722B80C5F0041BF2F /* PracticeTests.xctest */;
			productType = "com.apple.product-type.bundle.unit-test";
		};
		1836878122B80C5F0041BF2F /* PracticeUITests */ = {
			isa = PBXNativeTarget;
			buildConfigurationList = 1836879122B80C600041BF2F /* Build configuration list for PBXNativeTarget "PracticeUITests" */;
			buildPhases = (
				1836877E22B80C5F0041BF2F /* Sources */,
				1836877F22B80C5F0041BF2F /* Frameworks */,
				1836878022B80C5F0041BF2F /* Resources */,
			);
			buildRules = (
			);
			dependencies = (
				1836878422B80C5F0041BF2F /* PBXTargetDependency */,
			);
			name = PracticeUITests;
			productName = PracticeUITests;
			productReference = 1836878222B80C5F0041BF2F /* PracticeUITests.xctest */;
			productType = "com.apple.product-type.bundle.ui-testing";
		};
/* End PBXNativeTarget section */

/* Begin PBXProject section */
		1836875B22B80C5C0041BF2F /* Project object */ = {
			isa = PBXProject;
			attributes = {
				LastSwiftUpdateCheck = 1020;
				LastUpgradeCheck = 1020;
				ORGANIZATIONNAME = Apple;
				TargetAttributes = {
					1836876222B80C5C0041BF2F = {
						CreatedOnToolsVersion = 10.2.1;
					};
					1836877622B80C5F0041BF2F = {
						CreatedOnToolsVersion = 10.2.1;
						TestTargetID = 1836876222B80C5C0041BF2F;
					};
					1836878122B80C5F0041BF2F = {
						CreatedOnToolsVersion = 10.2.1;
						TestTargetID = 1836876222B80C5C0041BF2F;
					};
				};
			};
			buildConfigurationList = 1836875E22B80C5C0041BF2F /* Build configuration list for PBXProject "Practice" */;
			compatibilityVersion = "Xcode 9.3";
			developmentRegion = en;
			hasScannedForEncodings = 0;
			knownRegions = (
				en,
				Base,
			);
			mainGroup = 1836875A22B80C5C0041BF2F;
			productRefGroup = 1836876422B80C5C0041BF2F /* Products */;
			projectDirPath = "";
			projectRoot = "";
			targets = (
				1836876222B80C5C0041BF2F /* Practice */,
				1836877622B80C5F0041BF2F /* PracticeTests */,
				1836878122B80C5F0041BF2F /* PracticeUITests */,
			);
		};
/* End PBXProject section */

/* Begin PBXResourcesBuildPhase section */
		1836876122B80C5C0041BF2F /* Resources */ = {
			isa = PBXResourcesBuildPhase;
			buildActionMask = 2147483647;
			files = (
				1836877122B80C5F0041BF2F /* LaunchScreen.storyboard in Resources */,
				1836876E22B80C5F0041BF2F /* Assets.xcassets in Resources */,
				1836876C22B80C5C0041BF2F /* Main.storyboard in Resources */,
			);
			runOnlyForDeploymentPostprocessing = 0;
		};
		1836877522B80C5F0041BF2F /* Resources */ = {
			isa = PBXResourcesBuildPhase;
			buildActionMask = 2147483647;
			files = (
			);
			runOnlyForDeploymentPostprocessing = 0;
		};
		1836878022B80C5F0041BF2F /* Resources */ = {
			isa = PBXResourcesBuildPhase;
			buildActionMask = 2147483647;
			files = (
			);
			runOnlyForDeploymentPostprocessing = 0;
		};
/* End PBXResourcesBuildPhase section */

/* Begin PBXSourcesBuildPhase section */
		1836875F22B80C5C0041BF2F /* Sources */ = {
			isa = PBXSourcesBuildPhase;
			buildActionMask = 2147483647;
			files = (
				1836876922B80C5C0041BF2F /* ViewController.swift in Sources */,
				1836876722B80C5C0041BF2F /* AppDelegate.swift in Sources */,
			);
			runOnlyForDeploymentPostprocessing = 0;
		};
		1836877322B80C5F0041BF2F /* Sources */ = {
			isa = PBXSourcesBuildPhase;
			buildActionMask = 2147483647;
			files = (
				1836877C22B80C5F0041BF2F /* PracticeTests.swift in Sources */,
			);
			runOnlyForDeploymentPostprocessing = 0;
		};
		1836877E22B80C5F0041BF2F /* Sources */ = {
			isa = PBXSourcesBuildPhase;
			buildActionMask = 2147483647;
			files = (
				1836878722B80C600041BF2F /* PracticeUITests.swift in Sources */,
			);
			runOnlyForDeploymentPostprocessing = 0;
		};
/* End PBXSourcesBuildPhase section */

/* Begin PBXTargetDependency section */
		1836877922B80C5F0041BF2F /* PBXTargetDependency */ = {
			isa = PBXTargetDependency;
			target = 1836876222B80C5C0041BF2F /* Practice */;
			targetProxy = 1836877822B80C5F0041BF2F /* PBXContainerItemProxy */;
		};
		1836878422B80C5F0041BF2F /* PBXTargetDependency */ = {
			isa = PBXTargetDependency;
			target = 1836876222B80C5C0041BF2F /* Practice */;
			targetProxy = 1836878322B80C5F0041BF2F /* PBXContainerItemProxy */;
		};
/* End PBXTargetDependency section */

/* Begin PBXVariantGroup section */
		1836876A22B80C5C0041BF2F /* Main.storyboard */ = {
			isa = PBXVariantGroup;
			children = (
				1836876B22B80C5C0041BF2F /* Base */,
			);
			name = Main.storyboard;
			sourceTree = "<group>";
		};
		1836876F22B80C5F0041BF2F /* LaunchScreen.storyboard */ = {
			isa = PBXVariantGroup;
			children = (
				1836877022B80C5F0041BF2F /* Base */,
			);
			name = LaunchScreen.storyboard;
			sourceTree = "<group>";
		};
/* End PBXVariantGroup section */

/* Begin XCBuildConfiguration section */
		1836878922B80C600041BF2F /* Debug */ = {
			isa = XCBuildConfiguration;
			buildSettings = {
				ALWAYS_SEARCH_USER_PATHS = NO;
				CLANG_ANALYZER_NONNULL = YES;
				CLANG_ANALYZER_NUMBER_OBJECT_CONVERSION = YES_AGGRESSIVE;
				CLANG_CXX_LANGUAGE_STANDARD = "gnu++14";
				CLANG_CXX_LIBRARY = "libc++";
				CLANG_ENABLE_MODULES = YES;
				CLANG_ENABLE_OBJC_ARC = YES;
				CLANG_ENABLE_OBJC_WEAK = YES;
				CLANG_WARN_BLOCK_CAPTURE_AUTORELEASING = YES;
				CLANG_WARN_BOOL_CONVERSION = YES;
				CLANG_WARN_COMMA = YES;
				CLANG_WARN_CONSTANT_CONVERSION = YES;
				CLANG_WARN_DEPRECATED_OBJC_IMPLEMENTATIONS = YES;
				CLANG_WARN_DIRECT_OBJC_ISA_USAGE = YES_ERROR;
				CLANG_WARN_DOCUMENTATION_COMMENTS = YES;
				CLANG_WARN_EMPTY_BODY = YES;
				CLANG_WARN_ENUM_CONVERSION = YES;
				CLANG_WARN_INFINITE_RECURSION = YES;
				CLANG_WARN_INT_CONVERSION = YES;
				CLANG_WARN_NON_LITERAL_NULL_CONVERSION = YES;
				CLANG_WARN_OBJC_IMPLICIT_RETAIN_SELF = YES;
				CLANG_WARN_OBJC_LITERAL_CONVERSION = YES;
				CLANG_WARN_OBJC_ROOT_CLASS = YES_ERROR;
				CLANG_WARN_RANGE_LOOP_ANALYSIS = YES;
				CLANG_WARN_STRICT_PROTOTYPES = YES;
				CLANG_WARN_SUSPICIOUS_MOVE = YES;
				CLANG_WARN_UNGUARDED_AVAILABILITY = YES_AGGRESSIVE;
				CLANG_WARN_UNREACHABLE_CODE = YES;
				CLANG_WARN__DUPLICATE_METHOD_MATCH = YES;
				CODE_SIGN_IDENTITY = "iPhone Developer";
				COPY_PHASE_STRIP = NO;
				DEBUG_INFORMATION_FORMAT = dwarf;
				ENABLE_STRICT_OBJC_MSGSEND = YES;
				ENABLE_TESTABILITY = YES;
				GCC_C_LANGUAGE_STANDARD = gnu11;
				GCC_DYNAMIC_NO_PIC = NO;
				GCC_NO_COMMON_BLOCKS = YES;
				GCC_OPTIMIZATION_LEVEL = 0;
				GCC_PREPROCESSOR_DEFINITIONS = (
					"DEBUG=1",
					"$(inherited)",
				);
				GCC_WARN_64_TO_32_BIT_CONVERSION = YES;
				GCC_WARN_ABOUT_RETURN_TYPE = YES_ERROR;
				GCC_WARN_UNDECLARED_SELECTOR = YES;
				GCC_WARN_UNINITIALIZED_AUTOS = YES_AGGRESSIVE;
				GCC_WARN_UNUSED_FUNCTION = YES;
				GCC_WARN_UNUSED_VARIABLE = YES;
				IPHONEOS_DEPLOYMENT_TARGET = 12.2;
				MTL_ENABLE_DEBUG_INFO = INCLUDE_SOURCE;
				MTL_FAST_MATH = YES;
				ONLY_ACTIVE_ARCH = YES;
				SDKROOT = iphoneos;
				SWIFT_ACTIVE_COMPILATION_CONDITIONS = DEBUG;
				SWIFT_OPTIMIZATION_LEVEL = "-Onone";
			};
			name = Debug;
		};
		1836878A22B80C600041BF2F /* Release */ = {
			isa = XCBuildConfiguration;
			buildSettings = {
				ALWAYS_SEARCH_USER_PATHS = NO;
				CLANG_ANALYZER_NONNULL = YES;
				CLANG_ANALYZER_NUMBER_OBJECT_CONVERSION = YES_AGGRESSIVE;
				CLANG_CXX_LANGUAGE_STANDARD = "gnu++14";
				CLANG_CXX_LIBRARY = "libc++";
				CLANG_ENABLE_MODULES = YES;
				CLANG_ENABLE_OBJC_ARC = YES;
				CLANG_ENABLE_OBJC_WEAK = YES;
				CLANG_WARN_BLOCK_CAPTURE_AUTORELEASING = YES;
				CLANG_WARN_BOOL_CONVERSION = YES;
				CLANG_WARN_COMMA = YES;
				CLANG_WARN_CONSTANT_CONVERSION = YES;
				CLANG_WARN_DEPRECATED_OBJC_IMPLEMENTATIONS = YES;
				CLANG_WARN_DIRECT_OBJC_ISA_USAGE = YES_ERROR;
				CLANG_WARN_DOCUMENTATION_COMMENTS = YES;
				CLANG_WARN_EMPTY_BODY = YES;
				CLANG_WARN_ENUM_CONVERSION = YES;
				CLANG_WARN_INFINITE_RECURSION = YES;
				CLANG_WARN_INT_CONVERSION = YES;
				CLANG_WARN_NON_LITERAL_NULL_CONVERSION = YES;
				CLANG_WARN_OBJC_IMPLICIT_RETAIN_SELF = YES;
				CLANG_WARN_OBJC_LITERAL_CONVERSION = YES;
				CLANG_WARN_OBJC_ROOT_CLASS = YES_ERROR;
				CLANG_WARN_RANGE_LOOP_ANALYSIS = YES;
				CLANG_WARN_STRICT_PROTOTYPES = YES;
				CLANG_WARN_SUSPICIOUS_MOVE = YES;
				CLANG_WARN_UNGUARDED_AVAILABILITY = YES_AGGRESSIVE;
				CLANG_WARN_UNREACHABLE_CODE = YES;
				CLANG_WARN__DUPLICATE_METHOD_MATCH = YES;
				CODE_SIGN_IDENTITY = "iPhone Developer";
				COPY_PHASE_STRIP = NO;
				DEBUG_INFORMATION_FORMAT = "dwarf-with-dsym";
				ENABLE_NS_ASSERTIONS = NO;
				ENABLE_STRICT_OBJC_MSGSEND = YES;
				GCC_C_LANGUAGE_STANDARD = gnu11;
				GCC_NO_COMMON_BLOCKS = YES;
				GCC_WARN_64_TO_32_BIT_CONVERSION = YES;
				GCC_WARN_ABOUT_RETURN_TYPE = YES_ERROR;
				GCC_WARN_UNDECLARED_SELECTOR = YES;
				GCC_WARN_UNINITIALIZED_AUTOS = YES_AGGRESSIVE;
				GCC_WARN_UNUSED_FUNCTION = YES;
				GCC_WARN_UNUSED_VARIABLE = YES;
				IPHONEOS_DEPLOYMENT_TARGET = 12.2;
				MTL_ENABLE_DEBUG_INFO = NO;
				MTL_FAST_MATH = YES;
				SDKROOT = iphoneos;
				SWIFT_COMPILATION_MODE = wholemodule;
				SWIFT_OPTIMIZATION_LEVEL = "-O";
				VALIDATE_PRODUCT = YES;
			};
			name = Release;
		};
		1836878C22B80C600041BF2F /* Debug */ = {
			isa = XCBuildConfiguration;
			buildSettings = {
				ASSETCATALOG_COMPILER_APPICON_NAME = AppIcon;
				CODE_SIGN_STYLE = Automatic;
				INFOPLIST_FILE = Practice/Info.plist;
				LD_RUNPATH_SEARCH_PATHS = (
					"$(inherited)",
					"@executable_path/Frameworks",
				);
				PRODUCT_BUNDLE_IDENTIFIER = ZaiDawodu.Practice;
				PRODUCT_NAME = "$(TARGET_NAME)";
				SWIFT_VERSION = 5.0;
				TARGETED_DEVICE_FAMILY = "1,2";
			};
			name = Debug;
		};
		1836878D22B80C600041BF2F /* Release */ = {
			isa = XCBuildConfiguration;
			buildSettings = {
				ASSETCATALOG_COMPILER_APPICON_NAME = AppIcon;
				CODE_SIGN_STYLE = Automatic;
				INFOPLIST_FILE = Practice/Info.plist;
				LD_RUNPATH_SEARCH_PATHS = (
					"$(inherited)",
					"@executable_path/Frameworks",
				);
				PRODUCT_BUNDLE_IDENTIFIER = ZaiDawodu.Practice;
				PRODUCT_NAME = "$(TARGET_NAME)";
				SWIFT_VERSION = 5.0;
				TARGETED_DEVICE_FAMILY = "1,2";
			};
			name = Release;
		};
		1836878F22B80C600041BF2F /* Debug */ = {
			isa = XCBuildConfiguration;
			buildSettings = {
				ALWAYS_EMBED_SWIFT_STANDARD_LIBRARIES = YES;
				BUNDLE_LOADER = "$(TEST_HOST)";
				CODE_SIGN_STYLE = Automatic;
				INFOPLIST_FILE = PracticeTests/Info.plist;
				LD_RUNPATH_SEARCH_PATHS = (
					"$(inherited)",
					"@executable_path/Frameworks",
					"@loader_path/Frameworks",
				);
				PRODUCT_BUNDLE_IDENTIFIER = ZaiDawodu.PracticeTests;
				PRODUCT_NAME = "$(TARGET_NAME)";
				SWIFT_VERSION = 5.0;
				TARGETED_DEVICE_FAMILY = "1,2";
				TEST_HOST = "$(BUILT_PRODUCTS_DIR)/Practice.app/Practice";
			};
			name = Debug;
		};
		1836879022B80C600041BF2F /* Release */ = {
			isa = XCBuildConfiguration;
			buildSettings = {
				ALWAYS_EMBED_SWIFT_STANDARD_LIBRARIES = YES;
				BUNDLE_LOADER = "$(TEST_HOST)";
				CODE_SIGN_STYLE = Automatic;
				INFOPLIST_FILE = PracticeTests/Info.plist;
				LD_RUNPATH_SEARCH_PATHS = (
					"$(inherited)",
					"@executable_path/Frameworks",
					"@loader_path/Frameworks",
				);
				PRODUCT_BUNDLE_IDENTIFIER = ZaiDawodu.PracticeTests;
				PRODUCT_NAME = "$(TARGET_NAME)";
				SWIFT_VERSION = 5.0;
				TARGETED_DEVICE_FAMILY = "1,2";
				TEST_HOST = "$(BUILT_PRODUCTS_DIR)/Practice.app/Practice";
			};
			name = Release;
		};
		1836879222B80C600041BF2F /* Debug */ = {
			isa = XCBuildConfiguration;
			buildSettings = {
				ALWAYS_EMBED_SWIFT_STANDARD_LIBRARIES = YES;
				CODE_SIGN_STYLE = Automatic;
				INFOPLIST_FILE = PracticeUITests/Info.plist;
				LD_RUNPATH_SEARCH_PATHS = (
					"$(inherited)",
					"@executable_path/Frameworks",
					"@loader_path/Frameworks",
				);
				PRODUCT_BUNDLE_IDENTIFIER = ZaiDawodu.PracticeUITests;
				PRODUCT_NAME = "$(TARGET_NAME)";
				SWIFT_VERSION = 5.0;
				TARGETED_DEVICE_FAMILY = "1,2";
				TEST_TARGET_NAME = Practice;
			};
			name = Debug;
		};
		1836879322B80C600041BF2F /* Release */ = {
			isa = XCBuildConfiguration;
			buildSettings = {
				ALWAYS_EMBED_SWIFT_STANDARD_LIBRARIES = YES;
				CODE_SIGN_STYLE = Automatic;
				INFOPLIST_FILE = PracticeUITests/Info.plist;
				LD_RUNPATH_SEARCH_PATHS = (
					"$(inherited)",
					"@executable_path/Frameworks",
					"@loader_path/Frameworks",
				);
				PRODUCT_BUNDLE_IDENTIFIER = ZaiDawodu.PracticeUITests;
				PRODUCT_NAME = "$(TARGET_NAME)";
				SWIFT_VERSION = 5.0;
				TARGETED_DEVICE_FAMILY = "1,2";
				TEST_TARGET_NAME = Practice;
			};
			name = Release;
		};
/* End XCBuildConfiguration section */

/* Begin XCConfigurationList section */
		1836875E22B80C5C0041BF2F /* Build configuration list for PBXProject "Practice" */ = {
			isa = XCConfigurationList;
			buildConfigurations = (
				1836878922B80C600041BF2F /* Debug */,
				1836878A22B80C600041BF2F /* Release */,
			);
			defaultConfigurationIsVisible = 0;
			defaultConfigurationName = Release;
		};
		1836878B22B80C600041BF2F /* Build configuration list for PBXNativeTarget "Practice" */ = {
			isa = XCConfigurationList;
			buildConfigurations = (
				1836878C22B80C600041BF2F /* Debug */,
				1836878D22B80C600041BF2F /* Release */,
			);
			defaultConfigurationIsVisible = 0;
			defaultConfigurationName = Release;
		};
		1836878E22B80C600041BF2F /* Build configuration list for PBXNativeTarget "PracticeTests" */ = {
			isa = XCConfigurationList;
			buildConfigurations = (
				1836878F22B80C600041BF2F /* Debug */,
				1836879022B80C600041BF2F /* Release */,
			);
			defaultConfigurationIsVisible = 0;
			defaultConfigurationName = Release;
		};
		1836879122B80C600041BF2F /* Build configuration list for PBXNativeTarget "PracticeUITests" */ = {
			isa = XCConfigurationList;
			buildConfigurations = (
				1836879222B80C600041BF2F /* Debug */,
				1836879322B80C600041BF2F /* Release */,
			);
			defaultConfigurationIsVisible = 0;
			defaultConfigurationName = Release;
		};
/* End XCConfigurationList section */
	};
	rootObject = 1836875B22B80C5C0041BF2F /* Project object */;
}
